// !$*UTF8*$!
{
	archiveVersion = 1;
	classes = {
	};
	objectVersion = 50;
	objects = {

/* Begin PBXBuildFile section */
		89B3D06B230EBA6A008F8D3D /* AppDelegate.swift in Sources */ = {isa = PBXBuildFile; fileRef = 89B3D06A230EBA6A008F8D3D /* AppDelegate.swift */; };
		89B3D06D230EBA6A008F8D3D /* ViewController.swift in Sources */ = {isa = PBXBuildFile; fileRef = 89B3D06C230EBA6A008F8D3D /* ViewController.swift */; };
		89B3D070230EBA6A008F8D3D /* Main.storyboard in Resources */ = {isa = PBXBuildFile; fileRef = 89B3D06E230EBA6A008F8D3D /* Main.storyboard */; };
		89B3D072230EBA6B008F8D3D /* Assets.xcassets in Resources */ = {isa = PBXBuildFile; fileRef = 89B3D071230EBA6B008F8D3D /* Assets.xcassets */; };
		89B3D075230EBA6B008F8D3D /* LaunchScreen.storyboard in Resources */ = {isa = PBXBuildFile; fileRef = 89B3D073230EBA6B008F8D3D /* LaunchScreen.storyboard */; };
		89C6B0B8230FBE7E0093A66D /* ToolTipView.swift in Sources */ = {isa = PBXBuildFile; fileRef = 89C6B0B7230FBE7D0093A66D /* ToolTipView.swift */; };
		89C6B0BC230FC0E70093A66D /* icon2.jpg in Resources */ = {isa = PBXBuildFile; fileRef = 89C6B0BB230FC0E70093A66D /* icon2.jpg */; };
		89C6B0C2230FEC150093A66D /* UIViewController+Expanded.swift in Sources */ = {isa = PBXBuildFile; fileRef = 89C6B0C1230FEC150093A66D /* UIViewController+Expanded.swift */; };
/* End PBXBuildFile section */

/* Begin PBXFileReference section */
		89B3D067230EBA6A008F8D3D /* PopUp.app */ = {isa = PBXFileReference; explicitFileType = wrapper.application; includeInIndex = 0; path = PopUp.app; sourceTree = BUILT_PRODUCTS_DIR; };
		89B3D06A230EBA6A008F8D3D /* AppDelegate.swift */ = {isa = PBXFileReference; lastKnownFileType = sourcecode.swift; path = AppDelegate.swift; sourceTree = "<group>"; };
		89B3D06C230EBA6A008F8D3D /* ViewController.swift */ = {isa = PBXFileReference; lastKnownFileType = sourcecode.swift; path = ViewController.swift; sourceTree = "<group>"; };
		89B3D06F230EBA6A008F8D3D /* Base */ = {isa = PBXFileReference; lastKnownFileType = file.storyboard; name = Base; path = Base.lproj/Main.storyboard; sourceTree = "<group>"; };
		89B3D071230EBA6B008F8D3D /* Assets.xcassets */ = {isa = PBXFileReference; lastKnownFileType = folder.assetcatalog; path = Assets.xcassets; sourceTree = "<group>"; };
		89B3D074230EBA6B008F8D3D /* Base */ = {isa = PBXFileReference; lastKnownFileType = file.storyboard; name = Base; path = Base.lproj/LaunchScreen.storyboard; sourceTree = "<group>"; };
		89B3D076230EBA6B008F8D3D /* Info.plist */ = {isa = PBXFileReference; lastKnownFileType = text.plist.xml; path = Info.plist; sourceTree = "<group>"; };
		89C6B0B7230FBE7D0093A66D /* ToolTipView.swift */ = {isa = PBXFileReference; lastKnownFileType = sourcecode.swift; path = ToolTipView.swift; sourceTree = "<group>"; };
		89C6B0BB230FC0E70093A66D /* icon2.jpg */ = {isa = PBXFileReference; lastKnownFileType = image.jpeg; path = icon2.jpg; sourceTree = "<group>"; };
		89C6B0C1230FEC150093A66D /* UIViewController+Expanded.swift */ = {isa = PBXFileReference; lastKnownFileType = sourcecode.swift; path = "UIViewController+Expanded.swift"; sourceTree = "<group>"; };
/* End PBXFileReference section */

/* Begin PBXFrameworksBuildPhase section */
		89B3D064230EBA6A008F8D3D /* Frameworks */ = {
			isa = PBXFrameworksBuildPhase;
			buildActionMask = 2147483647;
			files = (
			);
			runOnlyForDeploymentPostprocessing = 0;
		};
/* End PBXFrameworksBuildPhase section */

/* Begin PBXGroup section */
		89B3D05E230EBA6A008F8D3D = {
			isa = PBXGroup;
			children = (
				89B3D069230EBA6A008F8D3D /* PopUp */,
				89B3D068230EBA6A008F8D3D /* Products */,
			);
			sourceTree = "<group>";
		};
		89B3D068230EBA6A008F8D3D /* Products */ = {
			isa = PBXGroup;
			children = (
				89B3D067230EBA6A008F8D3D /* PopUp.app */,
			);
			name = Products;
			sourceTree = "<group>";
		};
		89B3D069230EBA6A008F8D3D /* PopUp */ = {
			isa = PBXGroup;
			children = (
				89B3D06A230EBA6A008F8D3D /* AppDelegate.swift */,
				89B3D06C230EBA6A008F8D3D /* ViewController.swift */,
				89C6B0BB230FC0E70093A66D /* icon2.jpg */,
				89B3D06E230EBA6A008F8D3D /* Main.storyboard */,
				89B3D071230EBA6B008F8D3D /* Assets.xcassets */,
				89B3D073230EBA6B008F8D3D /* LaunchScreen.storyboard */,
				89B3D076230EBA6B008F8D3D /* Info.plist */,
				89C6B0B7230FBE7D0093A66D /* ToolTipView.swift */,
				89C6B0C1230FEC150093A66D /* UIViewController+Expanded.swift */,
			);
			path = PopUp;
			sourceTree = "<group>";
		};
/* End PBXGroup section */

/* Begin PBXNativeTarget section */
		89B3D066230EBA6A008F8D3D /* PopUp */ = {
			isa = PBXNativeTarget;
			buildConfigurationList = 89B3D079230EBA6B008F8D3D /* Build configuration list for PBXNativeTarget "PopUp" */;
			buildPhases = (
				89B3D063230EBA6A008F8D3D /* Sources */,
				89B3D064230EBA6A008F8D3D /* Frameworks */,
				89B3D065230EBA6A008F8D3D /* Resources */,
			);
			buildRules = (
			);
			dependencies = (
			);
			name = PopUp;
			productName = PopUp;
			productReference = 89B3D067230EBA6A008F8D3D /* PopUp.app */;
			productType = "com.apple.product-type.application";
		};
/* End PBXNativeTarget section */

/* Begin PBXProject section */
		89B3D05F230EBA6A008F8D3D /* Project object */ = {
			isa = PBXProject;
			attributes = {
				LastSwiftUpdateCheck = 1030;
				LastUpgradeCheck = 1030;
				ORGANIZATIONNAME = MyGlamm;
				TargetAttributes = {
					89B3D066230EBA6A008F8D3D = {
						CreatedOnToolsVersion = 10.3;
					};
				};
			};
			buildConfigurationList = 89B3D062230EBA6A008F8D3D /* Build configuration list for PBXProject "PopUp" */;
			compatibilityVersion = "Xcode 9.3";
			developmentRegion = en;
			hasScannedForEncodings = 0;
			knownRegions = (
				en,
				Base,
			);
			mainGroup = 89B3D05E230EBA6A008F8D3D;
			productRefGroup = 89B3D068230EBA6A008F8D3D /* Products */;
			projectDirPath = "";
			projectRoot = "";
			targets = (
				89B3D066230EBA6A008F8D3D /* PopUp */,
			);
		};
/* End PBXProject section */

/* Begin PBXResourcesBuildPhase section */
		89B3D065230EBA6A008F8D3D /* Resources */ = {
			isa = PBXResourcesBuildPhase;
			buildActionMask = 2147483647;
			files = (
				89B3D075230EBA6B008F8D3D /* LaunchScreen.storyboard in Resources */,
				89C6B0BC230FC0E70093A66D /* icon2.jpg in Resources */,
				89B3D072230EBA6B008F8D3D /* Assets.xcassets in Resources */,
				89B3D070230EBA6A008F8D3D /* Main.storyboard in Resources */,
			);
			runOnlyForDeploymentPostprocessing = 0;
		};
/* End PBXResourcesBuildPhase section */

/* Begin PBXSourcesBuildPhase section */
		89B3D063230EBA6A008F8D3D /* Sources */ = {
			isa = PBXSourcesBuildPhase;
			buildActionMask = 2147483647;
			files = (
				89C6B0B8230FBE7E0093A66D /* ToolTipView.swift in Sources */,
				89B3D06D230EBA6A008F8D3D /* ViewController.swift in Sources */,
				89B3D06B230EBA6A008F8D3D /* AppDelegate.swift in Sources */,
				89C6B0C2230FEC150093A66D /* UIViewController+Expanded.swift in Sources */,
			);
			runOnlyForDeploymentPostprocessing = 0;
		};
/* End PBXSourcesBuildPhase section */

/* Begin PBXVariantGroup section */
		89B3D06E230EBA6A008F8D3D /* Main.storyboard */ = {
			isa = PBXVariantGroup;
			children = (
				89B3D06F230EBA6A008F8D3D /* Base */,
			);
			name = Main.storyboard;
			sourceTree = "<group>";
		};
		89B3D073230EBA6B008F8D3D /* LaunchScreen.storyboard */ = {
			isa = PBXVariantGroup;
			children = (
				89B3D074230EBA6B008F8D3D /* Base */,
			);
			name = LaunchScreen.storyboard;
			sourceTree = "<group>";
		};
/* End PBXVariantGroup section */

/* Begin XCBuildConfiguration section */
		89B3D077230EBA6B008F8D3D /* Debug */ = {
			isa = XCBuildConfiguration;
			buildSettings = {
				ALWAYS_SEARCH_USER_PATHS = NO;
				CLANG_ANALYZER_NONNULL = YES;
				CLANG_ANALYZER_NUMBER_OBJECT_CONVERSION = YES_AGGRESSIVE;
				CLANG_CXX_LANGUAGE_STANDARD = "gnu++14";
				CLANG_CXX_LIBRARY = "libc++";
				CLANG_ENABLE_MODULES = YES;
				CLANG_ENABLE_OBJC_ARC = YES;
				CLANG_ENABLE_OBJC_WEAK = YES;
				CLANG_WARN_BLOCK_CAPTURE_AUTORELEASING = YES;
				CLANG_WARN_BOOL_CONVERSION = YES;
				CLANG_WARN_COMMA = YES;
				CLANG_WARN_CONSTANT_CONVERSION = YES;
				CLANG_WARN_DEPRECATED_OBJC_IMPLEMENTATIONS = YES;
				CLANG_WARN_DIRECT_OBJC_ISA_USAGE = YES_ERROR;
				CLANG_WARN_DOCUMENTATION_COMMENTS = YES;
				CLANG_WARN_EMPTY_BODY = YES;
				CLANG_WARN_ENUM_CONVERSION = YES;
				CLANG_WARN_INFINITE_RECURSION = YES;
				CLANG_WARN_INT_CONVERSION = YES;
				CLANG_WARN_NON_LITERAL_NULL_CONVERSION = YES;
				CLANG_WARN_OBJC_IMPLICIT_RETAIN_SELF = YES;
				CLANG_WARN_OBJC_LITERAL_CONVERSION = YES;
				CLANG_WARN_OBJC_ROOT_CLASS = YES_ERROR;
				CLANG_WARN_RANGE_LOOP_ANALYSIS = YES;
				CLANG_WARN_STRICT_PROTOTYPES = YES;
				CLANG_WARN_SUSPICIOUS_MOVE = YES;
				CLANG_WARN_UNGUARDED_AVAILABILITY = YES_AGGRESSIVE;
				CLANG_WARN_UNREACHABLE_CODE = YES;
				CLANG_WARN__DUPLICATE_METHOD_MATCH = YES;
				CODE_SIGN_IDENTITY = "iPhone Developer";
				COPY_PHASE_STRIP = NO;
				DEBUG_INFORMATION_FORMAT = dwarf;
				ENABLE_STRICT_OBJC_MSGSEND = YES;
				ENABLE_TESTABILITY = YES;
				GCC_C_LANGUAGE_STANDARD = gnu11;
				GCC_DYNAMIC_NO_PIC = NO;
				GCC_NO_COMMON_BLOCKS = YES;
				GCC_OPTIMIZATION_LEVEL = 0;
				GCC_PREPROCESSOR_DEFINITIONS = (
					"DEBUG=1",
					"$(inherited)",
				);
				GCC_WARN_64_TO_32_BIT_CONVERSION = YES;
				GCC_WARN_ABOUT_RETURN_TYPE = YES_ERROR;
				GCC_WARN_UNDECLARED_SELECTOR = YES;
				GCC_WARN_UNINITIALIZED_AUTOS = YES_AGGRESSIVE;
				GCC_WARN_UNUSED_FUNCTION = YES;
				GCC_WARN_UNUSED_VARIABLE = YES;
				IPHONEOS_DEPLOYMENT_TARGET = 12.4;
				MTL_ENABLE_DEBUG_INFO = INCLUDE_SOURCE;
				MTL_FAST_MATH = YES;
				ONLY_ACTIVE_ARCH = YES;
				SDKROOT = iphoneos;
				SWIFT_ACTIVE_COMPILATION_CONDITIONS = DEBUG;
				SWIFT_OPTIMIZATION_LEVEL = "-Onone";
			};
			name = Debug;
		};
		89B3D078230EBA6B008F8D3D /* Release */ = {
			isa = XCBuildConfiguration;
			buildSettings = {
				ALWAYS_SEARCH_USER_PATHS = NO;
				CLANG_ANALYZER_NONNULL = YES;
				CLANG_ANALYZER_NUMBER_OBJECT_CONVERSION = YES_AGGRESSIVE;
				CLANG_CXX_LANGUAGE_STANDARD = "gnu++14";
				CLANG_CXX_LIBRARY = "libc++";
				CLANG_ENABLE_MODULES = YES;
				CLANG_ENABLE_OBJC_ARC = YES;
				CLANG_ENABLE_OBJC_WEAK = YES;
				CLANG_WARN_BLOCK_CAPTURE_AUTORELEASING = YES;
				CLANG_WARN_BOOL_CONVERSION = YES;
				CLANG_WARN_COMMA = YES;
				CLANG_WARN_CONSTANT_CONVERSION = YES;
				CLANG_WARN_DEPRECATED_OBJC_IMPLEMENTATIONS = YES;
				CLANG_WARN_DIRECT_OBJC_ISA_USAGE = YES_ERROR;
				CLANG_WARN_DOCUMENTATION_COMMENTS = YES;
				CLANG_WARN_EMPTY_BODY = YES;
				CLANG_WARN_ENUM_CONVERSION = YES;
				CLANG_WARN_INFINITE_RECURSION = YES;
				CLANG_WARN_INT_CONVERSION = YES;
				CLANG_WARN_NON_LITERAL_NULL_CONVERSION = YES;
				CLANG_WARN_OBJC_IMPLICIT_RETAIN_SELF = YES;
				CLANG_WARN_OBJC_LITERAL_CONVERSION = YES;
				CLANG_WARN_OBJC_ROOT_CLASS = YES_ERROR;
				CLANG_WARN_RANGE_LOOP_ANALYSIS = YES;
				CLANG_WARN_STRICT_PROTOTYPES = YES;
				CLANG_WARN_SUSPICIOUS_MOVE = YES;
				CLANG_WARN_UNGUARDED_AVAILABILITY = YES_AGGRESSIVE;
				CLANG_WARN_UNREACHABLE_CODE = YES;
				CLANG_WARN__DUPLICATE_METHOD_MATCH = YES;
				CODE_SIGN_IDENTITY = "iPhone Developer";
				COPY_PHASE_STRIP = NO;
				DEBUG_INFORMATION_FORMAT = "dwarf-with-dsym";
				ENABLE_NS_ASSERTIONS = NO;
				ENABLE_STRICT_OBJC_MSGSEND = YES;
				GCC_C_LANGUAGE_STANDARD = gnu11;
				GCC_NO_COMMON_BLOCKS = YES;
				GCC_WARN_64_TO_32_BIT_CONVERSION = YES;
				GCC_WARN_ABOUT_RETURN_TYPE = YES_ERROR;
				GCC_WARN_UNDECLARED_SELECTOR = YES;
				GCC_WARN_UNINITIALIZED_AUTOS = YES_AGGRESSIVE;
				GCC_WARN_UNUSED_FUNCTION = YES;
				GCC_WARN_UNUSED_VARIABLE = YES;
				IPHONEOS_DEPLOYMENT_TARGET = 12.4;
				MTL_ENABLE_DEBUG_INFO = NO;
				MTL_FAST_MATH = YES;
				SDKROOT = iphoneos;
				SWIFT_COMPILATION_MODE = wholemodule;
				SWIFT_OPTIMIZATION_LEVEL = "-O";
				VALIDATE_PRODUCT = YES;
			};
			name = Release;
		};
		89B3D07A230EBA6B008F8D3D /* Debug */ = {
			isa = XCBuildConfiguration;
			buildSettings = {
				ASSETCATALOG_COMPILER_APPICON_NAME = AppIcon;
				CODE_SIGN_STYLE = Automatic;
				DEVELOPMENT_TEAM = Y94DT2QL6A;
				INFOPLIST_FILE = PopUp/Info.plist;
				LD_RUNPATH_SEARCH_PATHS = (
					"$(inherited)",
					"@executable_path/Frameworks",
				);
				PRODUCT_BUNDLE_IDENTIFIER = test.mytest.PopUp;
				PRODUCT_NAME = "$(TARGET_NAME)";
				SWIFT_VERSION = 5.0;
				TARGETED_DEVICE_FAMILY = "1,2";
			};
			name = Debug;
		};
		89B3D07B230EBA6B008F8D3D /* Release */ = {
			isa = XCBuildConfiguration;
			buildSettings = {
				ASSETCATALOG_COMPILER_APPICON_NAME = AppIcon;
				CODE_SIGN_STYLE = Automatic;
				DEVELOPMENT_TEAM = Y94DT2QL6A;
				INFOPLIST_FILE = PopUp/Info.plist;
				LD_RUNPATH_SEARCH_PATHS = (
					"$(inherited)",
					"@executable_path/Frameworks",
				);
				PRODUCT_BUNDLE_IDENTIFIER = test.mytest.PopUp;
				PRODUCT_NAME = "$(TARGET_NAME)";
				SWIFT_VERSION = 5.0;
				TARGETED_DEVICE_FAMILY = "1,2";
			};
			name = Release;
		};
/* End XCBuildConfiguration section */

/* Begin XCConfigurationList section */
		89B3D062230EBA6A008F8D3D /* Build configuration list for PBXProject "PopUp" */ = {
			isa = XCConfigurationList;
			buildConfigurations = (
				89B3D077230EBA6B008F8D3D /* Debug */,
				89B3D078230EBA6B008F8D3D /* Release */,
			);
			defaultConfigurationIsVisible = 0;
			defaultConfigurationName = Release;
		};
		89B3D079230EBA6B008F8D3D /* Build configuration list for PBXNativeTarget "PopUp" */ = {
			isa = XCConfigurationList;
			buildConfigurations = (
				89B3D07A230EBA6B008F8D3D /* Debug */,
				89B3D07B230EBA6B008F8D3D /* Release */,
			);
			defaultConfigurationIsVisible = 0;
			defaultConfigurationName = Release;
		};
/* End XCConfigurationList section */
	};
	rootObject = 89B3D05F230EBA6A008F8D3D /* Project object */;
}
